// !$*UTF8*$!
{
	archiveVersion = 1;
	classes = {
	};
	objectVersion = 46;
	objects = {

/* Begin PBXBuildFile section */
		29C70CF11C0C18960018B7D7 /* main.m in Sources */ = {isa = PBXBuildFile; fileRef = 29C70CF01C0C18960018B7D7 /* main.m */; };
		29C70CF41C0C18960018B7D7 /* AppDelegate.m in Sources */ = {isa = PBXBuildFile; fileRef = 29C70CF31C0C18960018B7D7 /* AppDelegate.m */; };
		29C70CF71C0C18960018B7D7 /* ViewController.m in Sources */ = {isa = PBXBuildFile; fileRef = 29C70CF61C0C18960018B7D7 /* ViewController.m */; };
		29C70CFA1C0C18960018B7D7 /* Main.storyboard in Resources */ = {isa = PBXBuildFile; fileRef = 29C70CF81C0C18960018B7D7 /* Main.storyboard */; };
		29C70CFC1C0C18960018B7D7 /* Assets.xcassets in Resources */ = {isa = PBXBuildFile; fileRef = 29C70CFB1C0C18960018B7D7 /* Assets.xcassets */; };
		29C70CFF1C0C18960018B7D7 /* LaunchScreen.storyboard in Resources */ = {isa = PBXBuildFile; fileRef = 29C70CFD1C0C18960018B7D7 /* LaunchScreen.storyboard */; };
		29C70D0A1C0C18960018B7D7 /* MobileTotoroTests.m in Sources */ = {isa = PBXBuildFile; fileRef = 29C70D091C0C18960018B7D7 /* MobileTotoroTests.m */; };
		29C70D151C0C18960018B7D7 /* MobileTotoroUITests.m in Sources */ = {isa = PBXBuildFile; fileRef = 29C70D141C0C18960018B7D7 /* MobileTotoroUITests.m */; };
/* End PBXBuildFile section */

/* Begin PBXContainerItemProxy section */
		29C70D061C0C18960018B7D7 /* PBXContainerItemProxy */ = {
			isa = PBXContainerItemProxy;
			containerPortal = 29C70CE41C0C18960018B7D7 /* Project object */;
			proxyType = 1;
			remoteGlobalIDString = 29C70CEB1C0C18960018B7D7;
			remoteInfo = MobileTotoro;
		};
		29C70D111C0C18960018B7D7 /* PBXContainerItemProxy */ = {
			isa = PBXContainerItemProxy;
			containerPortal = 29C70CE41C0C18960018B7D7 /* Project object */;
			proxyType = 1;
			remoteGlobalIDString = 29C70CEB1C0C18960018B7D7;
			remoteInfo = MobileTotoro;
		};
/* End PBXContainerItemProxy section */

/* Begin PBXFileReference section */
		29C70CEC1C0C18960018B7D7 /* MobileTotoro.app */ = {isa = PBXFileReference; explicitFileType = wrapper.application; includeInIndex = 0; path = MobileTotoro.app; sourceTree = BUILT_PRODUCTS_DIR; };
		29C70CF01C0C18960018B7D7 /* main.m */ = {isa = PBXFileReference; lastKnownFileType = sourcecode.c.objc; path = main.m; sourceTree = "<group>"; };
		29C70CF21C0C18960018B7D7 /* AppDelegate.h */ = {isa = PBXFileReference; lastKnownFileType = sourcecode.c.h; path = AppDelegate.h; sourceTree = "<group>"; };
		29C70CF31C0C18960018B7D7 /* AppDelegate.m */ = {isa = PBXFileReference; lastKnownFileType = sourcecode.c.objc; path = AppDelegate.m; sourceTree = "<group>"; };
		29C70CF51C0C18960018B7D7 /* ViewController.h */ = {isa = PBXFileReference; lastKnownFileType = sourcecode.c.h; path = ViewController.h; sourceTree = "<group>"; };
		29C70CF61C0C18960018B7D7 /* ViewController.m */ = {isa = PBXFileReference; lastKnownFileType = sourcecode.c.objc; path = ViewController.m; sourceTree = "<group>"; };
		29C70CF91C0C18960018B7D7 /* Base */ = {isa = PBXFileReference; lastKnownFileType = file.storyboard; name = Base; path = Base.lproj/Main.storyboard; sourceTree = "<group>"; };
		29C70CFB1C0C18960018B7D7 /* Assets.xcassets */ = {isa = PBXFileReference; lastKnownFileType = folder.assetcatalog; path = Assets.xcassets; sourceTree = "<group>"; };
		29C70CFE1C0C18960018B7D7 /* Base */ = {isa = PBXFileReference; lastKnownFileType = file.storyboard; name = Base; path = Base.lproj/LaunchScreen.storyboard; sourceTree = "<group>"; };
		29C70D001C0C18960018B7D7 /* Info.plist */ = {isa = PBXFileReference; lastKnownFileType = text.plist.xml; path = Info.plist; sourceTree = "<group>"; };
		29C70D051C0C18960018B7D7 /* MobileTotoroTests.xctest */ = {isa = PBXFileReference; explicitFileType = wrapper.cfbundle; includeInIndex = 0; path = MobileTotoroTests.xctest; sourceTree = BUILT_PRODUCTS_DIR; };
		29C70D091C0C18960018B7D7 /* MobileTotoroTests.m */ = {isa = PBXFileReference; lastKnownFileType = sourcecode.c.objc; path = MobileTotoroTests.m; sourceTree = "<group>"; };
		29C70D0B1C0C18960018B7D7 /* Info.plist */ = {isa = PBXFileReference; lastKnownFileType = text.plist.xml; path = Info.plist; sourceTree = "<group>"; };
		29C70D101C0C18960018B7D7 /* MobileTotoroUITests.xctest */ = {isa = PBXFileReference; explicitFileType = wrapper.cfbundle; includeInIndex = 0; path = MobileTotoroUITests.xctest; sourceTree = BUILT_PRODUCTS_DIR; };
		29C70D141C0C18960018B7D7 /* MobileTotoroUITests.m */ = {isa = PBXFileReference; lastKnownFileType = sourcecode.c.objc; path = MobileTotoroUITests.m; sourceTree = "<group>"; };
		29C70D161C0C18960018B7D7 /* Info.plist */ = {isa = PBXFileReference; lastKnownFileType = text.plist.xml; path = Info.plist; sourceTree = "<group>"; };
/* End PBXFileReference section */

/* Begin PBXFrameworksBuildPhase section */
		29C70CE91C0C18960018B7D7 /* Frameworks */ = {
			isa = PBXFrameworksBuildPhase;
			buildActionMask = 2147483647;
			files = (
			);
			runOnlyForDeploymentPostprocessing = 0;
		};
		29C70D021C0C18960018B7D7 /* Frameworks */ = {
			isa = PBXFrameworksBuildPhase;
			buildActionMask = 2147483647;
			files = (
			);
			runOnlyForDeploymentPostprocessing = 0;
		};
		29C70D0D1C0C18960018B7D7 /* Frameworks */ = {
			isa = PBXFrameworksBuildPhase;
			buildActionMask = 2147483647;
			files = (
			);
			runOnlyForDeploymentPostprocessing = 0;
		};
/* End PBXFrameworksBuildPhase section */

/* Begin PBXGroup section */
		29C70CE31C0C18960018B7D7 = {
			isa = PBXGroup;
			children = (
				29C70CEE1C0C18960018B7D7 /* MobileTotoro */,
				29C70D081C0C18960018B7D7 /* MobileTotoroTests */,
				29C70D131C0C18960018B7D7 /* MobileTotoroUITests */,
				29C70CED1C0C18960018B7D7 /* Products */,
			);
			sourceTree = "<group>";
		};
		29C70CED1C0C18960018B7D7 /* Products */ = {
			isa = PBXGroup;
			children = (
				29C70CEC1C0C18960018B7D7 /* MobileTotoro.app */,
				29C70D051C0C18960018B7D7 /* MobileTotoroTests.xctest */,
				29C70D101C0C18960018B7D7 /* MobileTotoroUITests.xctest */,
			);
			name = Products;
			sourceTree = "<group>";
		};
		29C70CEE1C0C18960018B7D7 /* MobileTotoro */ = {
			isa = PBXGroup;
			children = (
				29C70CF21C0C18960018B7D7 /* AppDelegate.h */,
				29C70CF31C0C18960018B7D7 /* AppDelegate.m */,
				29C70CF51C0C18960018B7D7 /* ViewController.h */,
				29C70CF61C0C18960018B7D7 /* ViewController.m */,
				29C70CF81C0C18960018B7D7 /* Main.storyboard */,
				29C70CFB1C0C18960018B7D7 /* Assets.xcassets */,
				29C70CFD1C0C18960018B7D7 /* LaunchScreen.storyboard */,
				29C70D001C0C18960018B7D7 /* Info.plist */,
				29C70CEF1C0C18960018B7D7 /* Supporting Files */,
			);
			path = MobileTotoro;
			sourceTree = "<group>";
		};
		29C70CEF1C0C18960018B7D7 /* Supporting Files */ = {
			isa = PBXGroup;
			children = (
				29C70CF01C0C18960018B7D7 /* main.m */,
			);
			name = "Supporting Files";
			sourceTree = "<group>";
		};
		29C70D081C0C18960018B7D7 /* MobileTotoroTests */ = {
			isa = PBXGroup;
			children = (
				29C70D091C0C18960018B7D7 /* MobileTotoroTests.m */,
				29C70D0B1C0C18960018B7D7 /* Info.plist */,
			);
			path = MobileTotoroTests;
			sourceTree = "<group>";
		};
		29C70D131C0C18960018B7D7 /* MobileTotoroUITests */ = {
			isa = PBXGroup;
			children = (
				29C70D141C0C18960018B7D7 /* MobileTotoroUITests.m */,
				29C70D161C0C18960018B7D7 /* Info.plist */,
			);
			path = MobileTotoroUITests;
			sourceTree = "<group>";
		};
/* End PBXGroup section */

/* Begin PBXNativeTarget section */
		29C70CEB1C0C18960018B7D7 /* MobileTotoro */ = {
			isa = PBXNativeTarget;
			buildConfigurationList = 29C70D191C0C18960018B7D7 /* Build configuration list for PBXNativeTarget "MobileTotoro" */;
			buildPhases = (
				29C70CE81C0C18960018B7D7 /* Sources */,
				29C70CE91C0C18960018B7D7 /* Frameworks */,
				29C70CEA1C0C18960018B7D7 /* Resources */,
			);
			buildRules = (
			);
			dependencies = (
			);
			name = MobileTotoro;
			productName = MobileTotoro;
			productReference = 29C70CEC1C0C18960018B7D7 /* MobileTotoro.app */;
			productType = "com.apple.product-type.application";
		};
		29C70D041C0C18960018B7D7 /* MobileTotoroTests */ = {
			isa = PBXNativeTarget;
			buildConfigurationList = 29C70D1C1C0C18960018B7D7 /* Build configuration list for PBXNativeTarget "MobileTotoroTests" */;
			buildPhases = (
				29C70D011C0C18960018B7D7 /* Sources */,
				29C70D021C0C18960018B7D7 /* Frameworks */,
				29C70D031C0C18960018B7D7 /* Resources */,
			);
			buildRules = (
			);
			dependencies = (
				29C70D071C0C18960018B7D7 /* PBXTargetDependency */,
			);
			name = MobileTotoroTests;
			productName = MobileTotoroTests;
			productReference = 29C70D051C0C18960018B7D7 /* MobileTotoroTests.xctest */;
			productType = "com.apple.product-type.bundle.unit-test";
		};
		29C70D0F1C0C18960018B7D7 /* MobileTotoroUITests */ = {
			isa = PBXNativeTarget;
			buildConfigurationList = 29C70D1F1C0C18960018B7D7 /* Build configuration list for PBXNativeTarget "MobileTotoroUITests" */;
			buildPhases = (
				29C70D0C1C0C18960018B7D7 /* Sources */,
				29C70D0D1C0C18960018B7D7 /* Frameworks */,
				29C70D0E1C0C18960018B7D7 /* Resources */,
			);
			buildRules = (
			);
			dependencies = (
				29C70D121C0C18960018B7D7 /* PBXTargetDependency */,
			);
			name = MobileTotoroUITests;
			productName = MobileTotoroUITests;
			productReference = 29C70D101C0C18960018B7D7 /* MobileTotoroUITests.xctest */;
			productType = "com.apple.product-type.bundle.ui-testing";
		};
/* End PBXNativeTarget section */

/* Begin PBXProject section */
		29C70CE41C0C18960018B7D7 /* Project object */ = {
			isa = PBXProject;
			attributes = {
				LastUpgradeCheck = 0710;
				ORGANIZATIONNAME = xuyang;
				TargetAttributes = {
					29C70CEB1C0C18960018B7D7 = {
						CreatedOnToolsVersion = 7.1;
					};
					29C70D041C0C18960018B7D7 = {
						CreatedOnToolsVersion = 7.1;
						TestTargetID = 29C70CEB1C0C18960018B7D7;
					};
					29C70D0F1C0C18960018B7D7 = {
						CreatedOnToolsVersion = 7.1;
						TestTargetID = 29C70CEB1C0C18960018B7D7;
					};
				};
			};
			buildConfigurationList = 29C70CE71C0C18960018B7D7 /* Build configuration list for PBXProject "MobileTotoro" */;
			compatibilityVersion = "Xcode 3.2";
			developmentRegion = English;
			hasScannedForEncodings = 0;
			knownRegions = (
				en,
				Base,
			);
			mainGroup = 29C70CE31C0C18960018B7D7;
			productRefGroup = 29C70CED1C0C18960018B7D7 /* Products */;
			projectDirPath = "";
			projectRoot = "";
			targets = (
				29C70CEB1C0C18960018B7D7 /* MobileTotoro */,
				29C70D041C0C18960018B7D7 /* MobileTotoroTests */,
				29C70D0F1C0C18960018B7D7 /* MobileTotoroUITests */,
			);
		};
/* End PBXProject section */

/* Begin PBXResourcesBuildPhase section */
		29C70CEA1C0C18960018B7D7 /* Resources */ = {
			isa = PBXResourcesBuildPhase;
			buildActionMask = 2147483647;
			files = (
				29C70CFF1C0C18960018B7D7 /* LaunchScreen.storyboard in Resources */,
				29C70CFC1C0C18960018B7D7 /* Assets.xcassets in Resources */,
				29C70CFA1C0C18960018B7D7 /* Main.storyboard in Resources */,
			);
			runOnlyForDeploymentPostprocessing = 0;
		};
		29C70D031C0C18960018B7D7 /* Resources */ = {
			isa = PBXResourcesBuildPhase;
			buildActionMask = 2147483647;
			files = (
			);
			runOnlyForDeploymentPostprocessing = 0;
		};
		29C70D0E1C0C18960018B7D7 /* Resources */ = {
			isa = PBXResourcesBuildPhase;
			buildActionMask = 2147483647;
			files = (
			);
			runOnlyForDeploymentPostprocessing = 0;
		};
/* End PBXResourcesBuildPhase section */

/* Begin PBXSourcesBuildPhase section */
		29C70CE81C0C18960018B7D7 /* Sources */ = {
			isa = PBXSourcesBuildPhase;
			buildActionMask = 2147483647;
			files = (
				29C70CF71C0C18960018B7D7 /* ViewController.m in Sources */,
				29C70CF41C0C18960018B7D7 /* AppDelegate.m in Sources */,
				29C70CF11C0C18960018B7D7 /* main.m in Sources */,
			);
			runOnlyForDeploymentPostprocessing = 0;
		};
		29C70D011C0C18960018B7D7 /* Sources */ = {
			isa = PBXSourcesBuildPhase;
			buildActionMask = 2147483647;
			files = (
				29C70D0A1C0C18960018B7D7 /* MobileTotoroTests.m in Sources */,
			);
			runOnlyForDeploymentPostprocessing = 0;
		};
		29C70D0C1C0C18960018B7D7 /* Sources */ = {
			isa = PBXSourcesBuildPhase;
			buildActionMask = 2147483647;
			files = (
				29C70D151C0C18960018B7D7 /* MobileTotoroUITests.m in Sources */,
			);
			runOnlyForDeploymentPostprocessing = 0;
		};
/* End PBXSourcesBuildPhase section */

/* Begin PBXTargetDependency section */
		29C70D071C0C18960018B7D7 /* PBXTargetDependency */ = {
			isa = PBXTargetDependency;
			target = 29C70CEB1C0C18960018B7D7 /* MobileTotoro */;
			targetProxy = 29C70D061C0C18960018B7D7 /* PBXContainerItemProxy */;
		};
		29C70D121C0C18960018B7D7 /* PBXTargetDependency */ = {
			isa = PBXTargetDependency;
			target = 29C70CEB1C0C18960018B7D7 /* MobileTotoro */;
			targetProxy = 29C70D111C0C18960018B7D7 /* PBXContainerItemProxy */;
		};
/* End PBXTargetDependency section */

/* Begin PBXVariantGroup section */
		29C70CF81C0C18960018B7D7 /* Main.storyboard */ = {
			isa = PBXVariantGroup;
			children = (
				29C70CF91C0C18960018B7D7 /* Base */,
			);
			name = Main.storyboard;
			sourceTree = "<group>";
		};
		29C70CFD1C0C18960018B7D7 /* LaunchScreen.storyboard */ = {
			isa = PBXVariantGroup;
			children = (
				29C70CFE1C0C18960018B7D7 /* Base */,
			);
			name = LaunchScreen.storyboard;
			sourceTree = "<group>";
		};
/* End PBXVariantGroup section */

/* Begin XCBuildConfiguration section */
		29C70D171C0C18960018B7D7 /* Debug */ = {
			isa = XCBuildConfiguration;
			buildSettings = {
				ALWAYS_SEARCH_USER_PATHS = NO;
				CLANG_CXX_LANGUAGE_STANDARD = "gnu++0x";
				CLANG_CXX_LIBRARY = "libc++";
				CLANG_ENABLE_MODULES = YES;
				CLANG_ENABLE_OBJC_ARC = YES;
				CLANG_WARN_BOOL_CONVERSION = YES;
				CLANG_WARN_CONSTANT_CONVERSION = YES;
				CLANG_WARN_DIRECT_OBJC_ISA_USAGE = YES_ERROR;
				CLANG_WARN_EMPTY_BODY = YES;
				CLANG_WARN_ENUM_CONVERSION = YES;
				CLANG_WARN_INT_CONVERSION = YES;
				CLANG_WARN_OBJC_ROOT_CLASS = YES_ERROR;
				CLANG_WARN_UNREACHABLE_CODE = YES;
				CLANG_WARN__DUPLICATE_METHOD_MATCH = YES;
				"CODE_SIGN_IDENTITY[sdk=iphoneos*]" = "iPhone Developer";
				COPY_PHASE_STRIP = NO;
				DEBUG_INFORMATION_FORMAT = dwarf;
				ENABLE_STRICT_OBJC_MSGSEND = YES;
				ENABLE_TESTABILITY = YES;
				GCC_C_LANGUAGE_STANDARD = gnu99;
				GCC_DYNAMIC_NO_PIC = NO;
				GCC_NO_COMMON_BLOCKS = YES;
				GCC_OPTIMIZATION_LEVEL = 0;
				GCC_PREPROCESSOR_DEFINITIONS = (
					"DEBUG=1",
					"$(inherited)",
				);
				GCC_WARN_64_TO_32_BIT_CONVERSION = YES;
				GCC_WARN_ABOUT_RETURN_TYPE = YES_ERROR;
				GCC_WARN_UNDECLARED_SELECTOR = YES;
				GCC_WARN_UNINITIALIZED_AUTOS = YES_AGGRESSIVE;
				GCC_WARN_UNUSED_FUNCTION = YES;
				GCC_WARN_UNUSED_VARIABLE = YES;
				IPHONEOS_DEPLOYMENT_TARGET = 9.1;
				MTL_ENABLE_DEBUG_INFO = YES;
				ONLY_ACTIVE_ARCH = YES;
				SDKROOT = iphoneos;
			};
			name = Debug;
		};
		29C70D181C0C18960018B7D7 /* Release */ = {
			isa = XCBuildConfiguration;
			buildSettings = {
				ALWAYS_SEARCH_USER_PATHS = NO;
				CLANG_CXX_LANGUAGE_STANDARD = "gnu++0x";
				CLANG_CXX_LIBRARY = "libc++";
				CLANG_ENABLE_MODULES = YES;
				CLANG_ENABLE_OBJC_ARC = YES;
				CLANG_WARN_BOOL_CONVERSION = YES;
				CLANG_WARN_CONSTANT_CONVERSION = YES;
				CLANG_WARN_DIRECT_OBJC_ISA_USAGE = YES_ERROR;
				CLANG_WARN_EMPTY_BODY = YES;
				CLANG_WARN_ENUM_CONVERSION = YES;
				CLANG_WARN_INT_CONVERSION = YES;
				CLANG_WARN_OBJC_ROOT_CLASS = YES_ERROR;
				CLANG_WARN_UNREACHABLE_CODE = YES;
				CLANG_WARN__DUPLICATE_METHOD_MATCH = YES;
				"CODE_SIGN_IDENTITY[sdk=iphoneos*]" = "iPhone Developer";
				COPY_PHASE_STRIP = NO;
				DEBUG_INFORMATION_FORMAT = "dwarf-with-dsym";
				ENABLE_NS_ASSERTIONS = NO;
				ENABLE_STRICT_OBJC_MSGSEND = YES;
				GCC_C_LANGUAGE_STANDARD = gnu99;
				GCC_NO_COMMON_BLOCKS = YES;
				GCC_WARN_64_TO_32_BIT_CONVERSION = YES;
				GCC_WARN_ABOUT_RETURN_TYPE = YES_ERROR;
				GCC_WARN_UNDECLARED_SELECTOR = YES;
				GCC_WARN_UNINITIALIZED_AUTOS = YES_AGGRESSIVE;
				GCC_WARN_UNUSED_FUNCTION = YES;
				GCC_WARN_UNUSED_VARIABLE = YES;
				IPHONEOS_DEPLOYMENT_TARGET = 9.1;
				MTL_ENABLE_DEBUG_INFO = NO;
				SDKROOT = iphoneos;
				VALIDATE_PRODUCT = YES;
			};
			name = Release;
		};
		29C70D1A1C0C18960018B7D7 /* Debug */ = {
			isa = XCBuildConfiguration;
			buildSettings = {
				ASSETCATALOG_COMPILER_APPICON_NAME = AppIcon;
				INFOPLIST_FILE = MobileTotoro/Info.plist;
				LD_RUNPATH_SEARCH_PATHS = "$(inherited) @executable_path/Frameworks";
				PRODUCT_BUNDLE_IDENTIFIER = com.xuyang.MobileTotoro;
				PRODUCT_NAME = "$(TARGET_NAME)";
			};
			name = Debug;
		};
		29C70D1B1C0C18960018B7D7 /* Release */ = {
			isa = XCBuildConfiguration;
			buildSettings = {
				ASSETCATALOG_COMPILER_APPICON_NAME = AppIcon;
				INFOPLIST_FILE = MobileTotoro/Info.plist;
				LD_RUNPATH_SEARCH_PATHS = "$(inherited) @executable_path/Frameworks";
				PRODUCT_BUNDLE_IDENTIFIER = com.xuyang.MobileTotoro;
				PRODUCT_NAME = "$(TARGET_NAME)";
			};
			name = Release;
		};
		29C70D1D1C0C18960018B7D7 /* Debug */ = {
			isa = XCBuildConfiguration;
			buildSettings = {
				BUNDLE_LOADER = "$(TEST_HOST)";
				INFOPLIST_FILE = MobileTotoroTests/Info.plist;
				LD_RUNPATH_SEARCH_PATHS = "$(inherited) @executable_path/Frameworks @loader_path/Frameworks";
				PRODUCT_BUNDLE_IDENTIFIER = com.xuyang.MobileTotoroTests;
				PRODUCT_NAME = "$(TARGET_NAME)";
				TEST_HOST = "$(BUILT_PRODUCTS_DIR)/MobileTotoro.app/MobileTotoro";
			};
			name = Debug;
		};
		29C70D1E1C0C18960018B7D7 /* Release */ = {
			isa = XCBuildConfiguration;
			buildSettings = {
				BUNDLE_LOADER = "$(TEST_HOST)";
				INFOPLIST_FILE = MobileTotoroTests/Info.plist;
				LD_RUNPATH_SEARCH_PATHS = "$(inherited) @executable_path/Frameworks @loader_path/Frameworks";
				PRODUCT_BUNDLE_IDENTIFIER = com.xuyang.MobileTotoroTests;
				PRODUCT_NAME = "$(TARGET_NAME)";
				TEST_HOST = "$(BUILT_PRODUCTS_DIR)/MobileTotoro.app/MobileTotoro";
			};
			name = Release;
		};
		29C70D201C0C18960018B7D7 /* Debug */ = {
			isa = XCBuildConfiguration;
			buildSettings = {
				INFOPLIST_FILE = MobileTotoroUITests/Info.plist;
				LD_RUNPATH_SEARCH_PATHS = "$(inherited) @executable_path/Frameworks @loader_path/Frameworks";
				PRODUCT_BUNDLE_IDENTIFIER = com.xuyang.MobileTotoroUITests;
				PRODUCT_NAME = "$(TARGET_NAME)";
				TEST_TARGET_NAME = MobileTotoro;
				USES_XCTRUNNER = YES;
			};
			name = Debug;
		};
		29C70D211C0C18960018B7D7 /* Release */ = {
			isa = XCBuildConfiguration;
			buildSettings = {
				INFOPLIST_FILE = MobileTotoroUITests/Info.plist;
				LD_RUNPATH_SEARCH_PATHS = "$(inherited) @executable_path/Frameworks @loader_path/Frameworks";
				PRODUCT_BUNDLE_IDENTIFIER = com.xuyang.MobileTotoroUITests;
				PRODUCT_NAME = "$(TARGET_NAME)";
				TEST_TARGET_NAME = MobileTotoro;
				USES_XCTRUNNER = YES;
			};
			name = Release;
		};
/* End XCBuildConfiguration section */

/* Begin XCConfigurationList section */
		29C70CE71C0C18960018B7D7 /* Build configuration list for PBXProject "MobileTotoro" */ = {
			isa = XCConfigurationList;
			buildConfigurations = (
				29C70D171C0C18960018B7D7 /* Debug */,
				29C70D181C0C18960018B7D7 /* Release */,
			);
			defaultConfigurationIsVisible = 0;
			defaultConfigurationName = Release;
		};
		29C70D191C0C18960018B7D7 /* Build configuration list for PBXNativeTarget "MobileTotoro" */ = {
			isa = XCConfigurationList;
			buildConfigurations = (
				29C70D1A1C0C18960018B7D7 /* Debug */,
				29C70D1B1C0C18960018B7D7 /* Release */,
			);
			defaultConfigurationIsVisible = 0;
		};
		29C70D1C1C0C18960018B7D7 /* Build configuration list for PBXNativeTarget "MobileTotoroTests" */ = {
			isa = XCConfigurationList;
			buildConfigurations = (
				29C70D1D1C0C18960018B7D7 /* Debug */,
				29C70D1E1C0C18960018B7D7 /* Release */,
			);
			defaultConfigurationIsVisible = 0;
		};
		29C70D1F1C0C18960018B7D7 /* Build configuration list for PBXNativeTarget "MobileTotoroUITests" */ = {
			isa = XCConfigurationList;
			buildConfigurations = (
				29C70D201C0C18960018B7D7 /* Debug */,
				29C70D211C0C18960018B7D7 /* Release */,
			);
			defaultConfigurationIsVisible = 0;
		};
/* End XCConfigurationList section */
	};
	rootObject = 29C70CE41C0C18960018B7D7 /* Project object */;
}
